
Microsoft Visual Studio Solution File, Format Version 12.00
# Visual Studio 15
VisualStudioVersion = 15.0.28307.1401
MinimumVisualStudioVersion = 10.0.40219.1
Project("{FAE04EC0-301F-11D3-BF4B-00C04F79EFBC}") = "First_Problem", "First_Problem\First_Problem.csproj", "{C70AC8C7-9E22-4F94-9E61-8A681F33A791}"
EndProject
Project("{FAE04EC0-301F-11D3-BF4B-00C04F79EFBC}") = "Maiden Party", "Maiden Party\Maiden Party.csproj", "{24485C02-6C67-443F-B253-847D468E0A42}"
EndProject
Project("{FAE04EC0-301F-11D3-BF4B-00C04F79EFBC}") = "Courier Express", "Courier Express\Courier Express.csproj", "{8BC74A80-5572-4332-B498-47B541564F31}"
EndProject
Project("{FAE04EC0-301F-11D3-BF4B-00C04F79EFBC}") = "Workout", "Workout\Workout.csproj", "{3D74DFE8-D505-420C-BCE3-1FD74CE7D31B}"
EndProject
Project("{FAE04EC0-301F-11D3-BF4B-00C04F79EFBC}") = "Everest", "Everest\Everest.csproj", "{AEA06D07-2EFF-476E-99ED-E5AA490BBA54}"
EndProject
Project("{FAE04EC0-301F-11D3-BF4B-00C04F79EFBC}") = "Sum And Product", "Sum And Product\Sum And Product.csproj", "{9BDAA352-C522-4385-9E75-BD2A2600450D}"
EndProject
Global
	GlobalSection(SolutionConfigurationPlatforms) = preSolution
		Debug|Any CPU = Debug|Any CPU
		Release|Any CPU = Release|Any CPU
	EndGlobalSection
	GlobalSection(ProjectConfigurationPlatforms) = postSolution
		{C70AC8C7-9E22-4F94-9E61-8A681F33A791}.Debug|Any CPU.ActiveCfg = Debug|Any CPU
		{C70AC8C7-9E22-4F94-9E61-8A681F33A791}.Debug|Any CPU.Build.0 = Debug|Any CPU
		{C70AC8C7-9E22-4F94-9E61-8A681F33A791}.Release|Any CPU.ActiveCfg = Release|Any CPU
		{C70AC8C7-9E22-4F94-9E61-8A681F33A791}.Release|Any CPU.Build.0 = Release|Any CPU
		{24485C02-6C67-443F-B253-847D468E0A42}.Debug|Any CPU.ActiveCfg = Debug|Any CPU
		{24485C02-6C67-443F-B253-847D468E0A42}.Debug|Any CPU.Build.0 = Debug|Any CPU
		{24485C02-6C67-443F-B253-847D468E0A42}.Release|Any CPU.ActiveCfg = Release|Any CPU
		{24485C02-6C67-443F-B253-847D468E0A42}.Release|Any CPU.Build.0 = Release|Any CPU
		{8BC74A80-5572-4332-B498-47B541564F31}.Debug|Any CPU.ActiveCfg = Debug|Any CPU
		{8BC74A80-5572-4332-B498-47B541564F31}.Debug|Any CPU.Build.0 = Debug|Any CPU
		{8BC74A80-5572-4332-B498-47B541564F31}.Release|Any CPU.ActiveCfg = Release|Any CPU
		{8BC74A80-5572-4332-B498-47B541564F31}.Release|Any CPU.Build.0 = Release|Any CPU
		{3D74DFE8-D505-420C-BCE3-1FD74CE7D31B}.Debug|Any CPU.ActiveCfg = Debug|Any CPU
		{3D74DFE8-D505-420C-BCE3-1FD74CE7D31B}.Debug|Any CPU.Build.0 = Debug|Any CPU
		{3D74DFE8-D505-420C-BCE3-1FD74CE7D31B}.Release|Any CPU.ActiveCfg = Release|Any CPU
		{3D74DFE8-D505-420C-BCE3-1FD74CE7D31B}.Release|Any CPU.Build.0 = Release|Any CPU
		{AEA06D07-2EFF-476E-99ED-E5AA490BBA54}.Debug|Any CPU.ActiveCfg = Debug|Any CPU
		{AEA06D07-2EFF-476E-99ED-E5AA490BBA54}.Debug|Any CPU.Build.0 = Debug|Any CPU
		{AEA06D07-2EFF-476E-99ED-E5AA490BBA54}.Release|Any CPU.ActiveCfg = Release|Any CPU
		{AEA06D07-2EFF-476E-99ED-E5AA490BBA54}.Release|Any CPU.Build.0 = Release|Any CPU
		{9BDAA352-C522-4385-9E75-BD2A2600450D}.Debug|Any CPU.ActiveCfg = Debug|Any CPU
		{9BDAA352-C522-4385-9E75-BD2A2600450D}.Debug|Any CPU.Build.0 = Debug|Any CPU
		{9BDAA352-C522-4385-9E75-BD2A2600450D}.Release|Any CPU.ActiveCfg = Release|Any CPU
		{9BDAA352-C522-4385-9E75-BD2A2600450D}.Release|Any CPU.Build.0 = Release|Any CPU
	EndGlobalSection
	GlobalSection(SolutionProperties) = preSolution
		HideSolutionNode = FALSE
	EndGlobalSection
	GlobalSection(ExtensibilityGlobals) = postSolution
		SolutionGuid = {9B1DC746-A6A3-473D-B760-18785DD1CC33}
	EndGlobalSection
EndGlobal
