
Microsoft Visual Studio Solution File, Format Version 12.00
# Visual Studio 15
VisualStudioVersion = 15.0.28307.1401
MinimumVisualStudioVersion = 10.0.40219.1
Project("{9A19103F-16F7-4668-BE54-9A1E7A4F7556}") = "Agency Profit", "Agency Profit\Agency Profit.csproj", "{0A3F768F-FEDE-4B5D-9F97-2F551719C30D}"
EndProject
Project("{9A19103F-16F7-4668-BE54-9A1E7A4F7556}") = "Add Bags", "Add Bags\Add Bags.csproj", "{08CB7051-FA0C-48B4-8385-9041430884B1}"
EndProject
Project("{9A19103F-16F7-4668-BE54-9A1E7A4F7556}") = "Aluminum Joinery", "Aluminum Joinery\Aluminum Joinery.csproj", "{6C8DD02A-F642-463B-A0D5-3567D3A84240}"
EndProject
Project("{9A19103F-16F7-4668-BE54-9A1E7A4F7556}") = "Balls", "Balls\Balls.csproj", "{918E3833-2522-44F0-8FA0-681E25AB9C48}"
EndProject
Project("{FAE04EC0-301F-11D3-BF4B-00C04F79EFBC}") = "Best Player", "Best Player\Best Player.csproj", "{605A0CA9-8F8A-4E54-ABEA-C380CB97F58B}"
EndProject
Project("{FAE04EC0-301F-11D3-BF4B-00C04F79EFBC}") = "Barcode Generator_v2", "Barcode Generator_v2\Barcode Generator_v2.csproj", "{C0004284-9446-49E2-A729-30EF2EFC7E6A}"
EndProject
Global
	GlobalSection(SolutionConfigurationPlatforms) = preSolution
		Debug|Any CPU = Debug|Any CPU
		Release|Any CPU = Release|Any CPU
	EndGlobalSection
	GlobalSection(ProjectConfigurationPlatforms) = postSolution
		{0A3F768F-FEDE-4B5D-9F97-2F551719C30D}.Debug|Any CPU.ActiveCfg = Debug|Any CPU
		{0A3F768F-FEDE-4B5D-9F97-2F551719C30D}.Debug|Any CPU.Build.0 = Debug|Any CPU
		{0A3F768F-FEDE-4B5D-9F97-2F551719C30D}.Release|Any CPU.ActiveCfg = Release|Any CPU
		{0A3F768F-FEDE-4B5D-9F97-2F551719C30D}.Release|Any CPU.Build.0 = Release|Any CPU
		{08CB7051-FA0C-48B4-8385-9041430884B1}.Debug|Any CPU.ActiveCfg = Debug|Any CPU
		{08CB7051-FA0C-48B4-8385-9041430884B1}.Debug|Any CPU.Build.0 = Debug|Any CPU
		{08CB7051-FA0C-48B4-8385-9041430884B1}.Release|Any CPU.ActiveCfg = Release|Any CPU
		{08CB7051-FA0C-48B4-8385-9041430884B1}.Release|Any CPU.Build.0 = Release|Any CPU
		{6C8DD02A-F642-463B-A0D5-3567D3A84240}.Debug|Any CPU.ActiveCfg = Debug|Any CPU
		{6C8DD02A-F642-463B-A0D5-3567D3A84240}.Debug|Any CPU.Build.0 = Debug|Any CPU
		{6C8DD02A-F642-463B-A0D5-3567D3A84240}.Release|Any CPU.ActiveCfg = Release|Any CPU
		{6C8DD02A-F642-463B-A0D5-3567D3A84240}.Release|Any CPU.Build.0 = Release|Any CPU
		{918E3833-2522-44F0-8FA0-681E25AB9C48}.Debug|Any CPU.ActiveCfg = Debug|Any CPU
		{918E3833-2522-44F0-8FA0-681E25AB9C48}.Debug|Any CPU.Build.0 = Debug|Any CPU
		{918E3833-2522-44F0-8FA0-681E25AB9C48}.Release|Any CPU.ActiveCfg = Release|Any CPU
		{918E3833-2522-44F0-8FA0-681E25AB9C48}.Release|Any CPU.Build.0 = Release|Any CPU
		{605A0CA9-8F8A-4E54-ABEA-C380CB97F58B}.Debug|Any CPU.ActiveCfg = Debug|Any CPU
		{605A0CA9-8F8A-4E54-ABEA-C380CB97F58B}.Debug|Any CPU.Build.0 = Debug|Any CPU
		{605A0CA9-8F8A-4E54-ABEA-C380CB97F58B}.Release|Any CPU.ActiveCfg = Release|Any CPU
		{605A0CA9-8F8A-4E54-ABEA-C380CB97F58B}.Release|Any CPU.Build.0 = Release|Any CPU
		{C0004284-9446-49E2-A729-30EF2EFC7E6A}.Debug|Any CPU.ActiveCfg = Debug|Any CPU
		{C0004284-9446-49E2-A729-30EF2EFC7E6A}.Debug|Any CPU.Build.0 = Debug|Any CPU
		{C0004284-9446-49E2-A729-30EF2EFC7E6A}.Release|Any CPU.ActiveCfg = Release|Any CPU
		{C0004284-9446-49E2-A729-30EF2EFC7E6A}.Release|Any CPU.Build.0 = Release|Any CPU
	EndGlobalSection
	GlobalSection(SolutionProperties) = preSolution
		HideSolutionNode = FALSE
	EndGlobalSection
	GlobalSection(ExtensibilityGlobals) = postSolution
		SolutionGuid = {DC58D91A-4B39-42DD-9D36-D04B9538BA2F}
	EndGlobalSection
EndGlobal
