
Microsoft Visual Studio Solution File, Format Version 12.00
# Visual Studio Version 16
VisualStudioVersion = 16.0.31729.503
MinimumVisualStudioVersion = 10.0.40219.1
Project("{9A19103F-16F7-4668-BE54-9A1E7A4F7556}") = "Vehicles", "Vehicles\Vehicles.csproj", "{19754520-DA12-45CC-B3F6-CF7E2D56F912}"
EndProject
Project("{FAE04EC0-301F-11D3-BF4B-00C04F79EFBC}") = "Vehicles_Extension", "Vehicles_Extension\Vehicles_Extension.csproj", "{931D477E-2256-4ED5-9D01-26E8FB42EF03}"
EndProject
Project("{FAE04EC0-301F-11D3-BF4B-00C04F79EFBC}") = "Wild_Farm", "Wild_Farm\Wild_Farm.csproj", "{6507AF7A-015F-4280-A2B8-B91D794C8A90}"
EndProject
Project("{FAE04EC0-301F-11D3-BF4B-00C04F79EFBC}") = "Raiding", "Raiding\Raiding.csproj", "{DA594EBE-477B-4F9C-9976-EB0A6F3C1D6F}"
EndProject
Global
	GlobalSection(SolutionConfigurationPlatforms) = preSolution
		Debug|Any CPU = Debug|Any CPU
		Release|Any CPU = Release|Any CPU
	EndGlobalSection
	GlobalSection(ProjectConfigurationPlatforms) = postSolution
		{19754520-DA12-45CC-B3F6-CF7E2D56F912}.Debug|Any CPU.ActiveCfg = Debug|Any CPU
		{19754520-DA12-45CC-B3F6-CF7E2D56F912}.Debug|Any CPU.Build.0 = Debug|Any CPU
		{19754520-DA12-45CC-B3F6-CF7E2D56F912}.Release|Any CPU.ActiveCfg = Release|Any CPU
		{19754520-DA12-45CC-B3F6-CF7E2D56F912}.Release|Any CPU.Build.0 = Release|Any CPU
		{931D477E-2256-4ED5-9D01-26E8FB42EF03}.Debug|Any CPU.ActiveCfg = Debug|Any CPU
		{931D477E-2256-4ED5-9D01-26E8FB42EF03}.Debug|Any CPU.Build.0 = Debug|Any CPU
		{931D477E-2256-4ED5-9D01-26E8FB42EF03}.Release|Any CPU.ActiveCfg = Release|Any CPU
		{931D477E-2256-4ED5-9D01-26E8FB42EF03}.Release|Any CPU.Build.0 = Release|Any CPU
		{6507AF7A-015F-4280-A2B8-B91D794C8A90}.Debug|Any CPU.ActiveCfg = Debug|Any CPU
		{6507AF7A-015F-4280-A2B8-B91D794C8A90}.Debug|Any CPU.Build.0 = Debug|Any CPU
		{6507AF7A-015F-4280-A2B8-B91D794C8A90}.Release|Any CPU.ActiveCfg = Release|Any CPU
		{6507AF7A-015F-4280-A2B8-B91D794C8A90}.Release|Any CPU.Build.0 = Release|Any CPU
		{DA594EBE-477B-4F9C-9976-EB0A6F3C1D6F}.Debug|Any CPU.ActiveCfg = Debug|Any CPU
		{DA594EBE-477B-4F9C-9976-EB0A6F3C1D6F}.Debug|Any CPU.Build.0 = Debug|Any CPU
		{DA594EBE-477B-4F9C-9976-EB0A6F3C1D6F}.Release|Any CPU.ActiveCfg = Release|Any CPU
		{DA594EBE-477B-4F9C-9976-EB0A6F3C1D6F}.Release|Any CPU.Build.0 = Release|Any CPU
	EndGlobalSection
	GlobalSection(SolutionProperties) = preSolution
		HideSolutionNode = FALSE
	EndGlobalSection
	GlobalSection(ExtensibilityGlobals) = postSolution
		SolutionGuid = {99EAC8C5-D464-4DC1-93C1-257D5FE48101}
	EndGlobalSection
EndGlobal
