
Microsoft Visual Studio Solution File, Format Version 12.00
# Visual Studio 15
VisualStudioVersion = 15.0.28307.1401
MinimumVisualStudioVersion = 10.0.40219.1
Project("{FAE04EC0-301F-11D3-BF4B-00C04F79EFBC}") = "Watch", "Watch\Watch.csproj", "{3973E1F5-DE80-400E-A989-17FD5CD6514A}"
EndProject
Project("{FAE04EC0-301F-11D3-BF4B-00C04F79EFBC}") = "Multiplication Table", "Multiplication Table\Multiplication Table.csproj", "{D1B2D368-65A9-4B32-8CFA-FBF6D662C450}"
EndProject
Project("{FAE04EC0-301F-11D3-BF4B-00C04F79EFBC}") = "Combinations", "Combinations\Combinations.csproj", "{D580CD46-DBAB-49E6-9CF7-8D359BB4E379}"
EndProject
Project("{FAE04EC0-301F-11D3-BF4B-00C04F79EFBC}") = "Sum of Two Numbers", "Sum of Two Numbers\Sum of Two Numbers.csproj", "{9F98EC96-609E-4F0B-8DE7-271A4621946D}"
EndProject
Project("{FAE04EC0-301F-11D3-BF4B-00C04F79EFBC}") = "Travelling", "Travelling\Travelling.csproj", "{58402108-0F63-4DF2-9134-8B211ADB810F}"
EndProject
Project("{FAE04EC0-301F-11D3-BF4B-00C04F79EFBC}") = "Building", "Building\Building.csproj", "{9FFDE591-4F3A-41E6-B62C-1121AACDB7C0}"
EndProject
Project("{FAE04EC0-301F-11D3-BF4B-00C04F79EFBC}") = "Cinema Tickets", "Cinema Tickets\Cinema Tickets.csproj", "{A140E87E-0C76-4F70-B56B-03362D220F8A}"
EndProject
Global
	GlobalSection(SolutionConfigurationPlatforms) = preSolution
		Debug|Any CPU = Debug|Any CPU
		Release|Any CPU = Release|Any CPU
	EndGlobalSection
	GlobalSection(ProjectConfigurationPlatforms) = postSolution
		{3973E1F5-DE80-400E-A989-17FD5CD6514A}.Debug|Any CPU.ActiveCfg = Debug|Any CPU
		{3973E1F5-DE80-400E-A989-17FD5CD6514A}.Debug|Any CPU.Build.0 = Debug|Any CPU
		{3973E1F5-DE80-400E-A989-17FD5CD6514A}.Release|Any CPU.ActiveCfg = Release|Any CPU
		{3973E1F5-DE80-400E-A989-17FD5CD6514A}.Release|Any CPU.Build.0 = Release|Any CPU
		{D1B2D368-65A9-4B32-8CFA-FBF6D662C450}.Debug|Any CPU.ActiveCfg = Debug|Any CPU
		{D1B2D368-65A9-4B32-8CFA-FBF6D662C450}.Debug|Any CPU.Build.0 = Debug|Any CPU
		{D1B2D368-65A9-4B32-8CFA-FBF6D662C450}.Release|Any CPU.ActiveCfg = Release|Any CPU
		{D1B2D368-65A9-4B32-8CFA-FBF6D662C450}.Release|Any CPU.Build.0 = Release|Any CPU
		{D580CD46-DBAB-49E6-9CF7-8D359BB4E379}.Debug|Any CPU.ActiveCfg = Debug|Any CPU
		{D580CD46-DBAB-49E6-9CF7-8D359BB4E379}.Debug|Any CPU.Build.0 = Debug|Any CPU
		{D580CD46-DBAB-49E6-9CF7-8D359BB4E379}.Release|Any CPU.ActiveCfg = Release|Any CPU
		{D580CD46-DBAB-49E6-9CF7-8D359BB4E379}.Release|Any CPU.Build.0 = Release|Any CPU
		{9F98EC96-609E-4F0B-8DE7-271A4621946D}.Debug|Any CPU.ActiveCfg = Debug|Any CPU
		{9F98EC96-609E-4F0B-8DE7-271A4621946D}.Debug|Any CPU.Build.0 = Debug|Any CPU
		{9F98EC96-609E-4F0B-8DE7-271A4621946D}.Release|Any CPU.ActiveCfg = Release|Any CPU
		{9F98EC96-609E-4F0B-8DE7-271A4621946D}.Release|Any CPU.Build.0 = Release|Any CPU
		{58402108-0F63-4DF2-9134-8B211ADB810F}.Debug|Any CPU.ActiveCfg = Debug|Any CPU
		{58402108-0F63-4DF2-9134-8B211ADB810F}.Debug|Any CPU.Build.0 = Debug|Any CPU
		{58402108-0F63-4DF2-9134-8B211ADB810F}.Release|Any CPU.ActiveCfg = Release|Any CPU
		{58402108-0F63-4DF2-9134-8B211ADB810F}.Release|Any CPU.Build.0 = Release|Any CPU
		{9FFDE591-4F3A-41E6-B62C-1121AACDB7C0}.Debug|Any CPU.ActiveCfg = Debug|Any CPU
		{9FFDE591-4F3A-41E6-B62C-1121AACDB7C0}.Debug|Any CPU.Build.0 = Debug|Any CPU
		{9FFDE591-4F3A-41E6-B62C-1121AACDB7C0}.Release|Any CPU.ActiveCfg = Release|Any CPU
		{9FFDE591-4F3A-41E6-B62C-1121AACDB7C0}.Release|Any CPU.Build.0 = Release|Any CPU
		{A140E87E-0C76-4F70-B56B-03362D220F8A}.Debug|Any CPU.ActiveCfg = Debug|Any CPU
		{A140E87E-0C76-4F70-B56B-03362D220F8A}.Debug|Any CPU.Build.0 = Debug|Any CPU
		{A140E87E-0C76-4F70-B56B-03362D220F8A}.Release|Any CPU.ActiveCfg = Release|Any CPU
		{A140E87E-0C76-4F70-B56B-03362D220F8A}.Release|Any CPU.Build.0 = Release|Any CPU
	EndGlobalSection
	GlobalSection(SolutionProperties) = preSolution
		HideSolutionNode = FALSE
	EndGlobalSection
	GlobalSection(ExtensibilityGlobals) = postSolution
		SolutionGuid = {27016074-E374-4F90-A8E2-B7F04D62490E}
	EndGlobalSection
EndGlobal
