
Microsoft Visual Studio Solution File, Format Version 12.00
# Visual Studio Version 16
VisualStudioVersion = 16.0.31729.503
MinimumVisualStudioVersion = 10.0.40219.1
Project("{FAE04EC0-301F-11D3-BF4B-00C04F79EFBC}") = "ListyIterator", "ListyIterator\ListyIterator.csproj", "{CE09BB08-ACB0-48A8-B3AA-A4B1EF37A6DC}"
EndProject
Project("{FAE04EC0-301F-11D3-BF4B-00C04F79EFBC}") = "Stack", "Stack\Stack.csproj", "{512E5EB1-F433-4FC4-BBB8-5FDDA95FBBAB}"
EndProject
Project("{FAE04EC0-301F-11D3-BF4B-00C04F79EFBC}") = "Froggy", "Froggy\Froggy.csproj", "{1A66F0CF-0903-4488-9E23-442CBD87208F}"
EndProject
Project("{FAE04EC0-301F-11D3-BF4B-00C04F79EFBC}") = "ComparingObjects", "ComparingObjects\ComparingObjects.csproj", "{A0662F87-3F36-472C-BCB8-ECECAFBDB4C1}"
EndProject
Project("{FAE04EC0-301F-11D3-BF4B-00C04F79EFBC}") = "EqualityLogic", "EqualityLogic\EqualityLogic.csproj", "{0C5F3D82-764D-4335-B081-49542BC86FCA}"
EndProject
Global
	GlobalSection(SolutionConfigurationPlatforms) = preSolution
		Debug|Any CPU = Debug|Any CPU
		Release|Any CPU = Release|Any CPU
	EndGlobalSection
	GlobalSection(ProjectConfigurationPlatforms) = postSolution
		{CE09BB08-ACB0-48A8-B3AA-A4B1EF37A6DC}.Debug|Any CPU.ActiveCfg = Debug|Any CPU
		{CE09BB08-ACB0-48A8-B3AA-A4B1EF37A6DC}.Debug|Any CPU.Build.0 = Debug|Any CPU
		{CE09BB08-ACB0-48A8-B3AA-A4B1EF37A6DC}.Release|Any CPU.ActiveCfg = Release|Any CPU
		{CE09BB08-ACB0-48A8-B3AA-A4B1EF37A6DC}.Release|Any CPU.Build.0 = Release|Any CPU
		{512E5EB1-F433-4FC4-BBB8-5FDDA95FBBAB}.Debug|Any CPU.ActiveCfg = Debug|Any CPU
		{512E5EB1-F433-4FC4-BBB8-5FDDA95FBBAB}.Debug|Any CPU.Build.0 = Debug|Any CPU
		{512E5EB1-F433-4FC4-BBB8-5FDDA95FBBAB}.Release|Any CPU.ActiveCfg = Release|Any CPU
		{512E5EB1-F433-4FC4-BBB8-5FDDA95FBBAB}.Release|Any CPU.Build.0 = Release|Any CPU
		{1A66F0CF-0903-4488-9E23-442CBD87208F}.Debug|Any CPU.ActiveCfg = Debug|Any CPU
		{1A66F0CF-0903-4488-9E23-442CBD87208F}.Debug|Any CPU.Build.0 = Debug|Any CPU
		{1A66F0CF-0903-4488-9E23-442CBD87208F}.Release|Any CPU.ActiveCfg = Release|Any CPU
		{1A66F0CF-0903-4488-9E23-442CBD87208F}.Release|Any CPU.Build.0 = Release|Any CPU
		{A0662F87-3F36-472C-BCB8-ECECAFBDB4C1}.Debug|Any CPU.ActiveCfg = Debug|Any CPU
		{A0662F87-3F36-472C-BCB8-ECECAFBDB4C1}.Debug|Any CPU.Build.0 = Debug|Any CPU
		{A0662F87-3F36-472C-BCB8-ECECAFBDB4C1}.Release|Any CPU.ActiveCfg = Release|Any CPU
		{A0662F87-3F36-472C-BCB8-ECECAFBDB4C1}.Release|Any CPU.Build.0 = Release|Any CPU
		{0C5F3D82-764D-4335-B081-49542BC86FCA}.Debug|Any CPU.ActiveCfg = Debug|Any CPU
		{0C5F3D82-764D-4335-B081-49542BC86FCA}.Debug|Any CPU.Build.0 = Debug|Any CPU
		{0C5F3D82-764D-4335-B081-49542BC86FCA}.Release|Any CPU.ActiveCfg = Release|Any CPU
		{0C5F3D82-764D-4335-B081-49542BC86FCA}.Release|Any CPU.Build.0 = Release|Any CPU
	EndGlobalSection
	GlobalSection(SolutionProperties) = preSolution
		HideSolutionNode = FALSE
	EndGlobalSection
	GlobalSection(ExtensibilityGlobals) = postSolution
		SolutionGuid = {B32A6267-2CB8-4879-8ECB-A7ACA86B02F6}
	EndGlobalSection
EndGlobal
