
Microsoft Visual Studio Solution File, Format Version 12.00
# Visual Studio Version 16
VisualStudioVersion = 16.0.31424.327
MinimumVisualStudioVersion = 10.0.40219.1
Project("{FAE04EC0-301F-11D3-BF4B-00C04F79EFBC}") = "1. Count Chars in a String", "1. Count Chars in a String\1. Count Chars in a String.csproj", "{0CF29754-1481-4467-A4C0-9584E13D34F5}"
EndProject
Project("{FAE04EC0-301F-11D3-BF4B-00C04F79EFBC}") = "02. A Miner Task", "02. A Miner Task\02. A Miner Task.csproj", "{6405FA98-666C-4378-8CFC-FDC580B28DF2}"
EndProject
Project("{FAE04EC0-301F-11D3-BF4B-00C04F79EFBC}") = "03. Legendary Farming", "03. Legendary Farming\03. Legendary Farming.csproj", "{9D3796B9-72AB-4D3E-A015-64454B666736}"
EndProject
Project("{FAE04EC0-301F-11D3-BF4B-00C04F79EFBC}") = "04. Orders", "04. Orders\04. Orders.csproj", "{7ABBFD71-6C29-4A4A-B2C9-9D849A37C116}"
EndProject
Project("{FAE04EC0-301F-11D3-BF4B-00C04F79EFBC}") = "06. Courses", "06. Courses\06. Courses.csproj", "{29410674-4FA0-4567-AED5-C5E4E2BB02F9}"
EndProject
Project("{FAE04EC0-301F-11D3-BF4B-00C04F79EFBC}") = "05. SoftUni Parking", "05. SoftUni Parking\05. SoftUni Parking.csproj", "{CBAEE630-5F3D-4A50-B79C-C63D8B633BA9}"
EndProject
Project("{FAE04EC0-301F-11D3-BF4B-00C04F79EFBC}") = "07. Student Academy", "07. Student Academy\07. Student Academy.csproj", "{419F7567-E1BB-44B2-A4F4-6EE7D3A54E1E}"
EndProject
Project("{FAE04EC0-301F-11D3-BF4B-00C04F79EFBC}") = "08. Company Users", "08. Company Users\08. Company Users.csproj", "{52DD5863-95DD-4559-8FED-B5BA743C25C2}"
EndProject
Global
	GlobalSection(SolutionConfigurationPlatforms) = preSolution
		Debug|Any CPU = Debug|Any CPU
		Release|Any CPU = Release|Any CPU
	EndGlobalSection
	GlobalSection(ProjectConfigurationPlatforms) = postSolution
		{0CF29754-1481-4467-A4C0-9584E13D34F5}.Debug|Any CPU.ActiveCfg = Debug|Any CPU
		{0CF29754-1481-4467-A4C0-9584E13D34F5}.Debug|Any CPU.Build.0 = Debug|Any CPU
		{0CF29754-1481-4467-A4C0-9584E13D34F5}.Release|Any CPU.ActiveCfg = Release|Any CPU
		{0CF29754-1481-4467-A4C0-9584E13D34F5}.Release|Any CPU.Build.0 = Release|Any CPU
		{6405FA98-666C-4378-8CFC-FDC580B28DF2}.Debug|Any CPU.ActiveCfg = Debug|Any CPU
		{6405FA98-666C-4378-8CFC-FDC580B28DF2}.Debug|Any CPU.Build.0 = Debug|Any CPU
		{6405FA98-666C-4378-8CFC-FDC580B28DF2}.Release|Any CPU.ActiveCfg = Release|Any CPU
		{6405FA98-666C-4378-8CFC-FDC580B28DF2}.Release|Any CPU.Build.0 = Release|Any CPU
		{9D3796B9-72AB-4D3E-A015-64454B666736}.Debug|Any CPU.ActiveCfg = Debug|Any CPU
		{9D3796B9-72AB-4D3E-A015-64454B666736}.Debug|Any CPU.Build.0 = Debug|Any CPU
		{9D3796B9-72AB-4D3E-A015-64454B666736}.Release|Any CPU.ActiveCfg = Release|Any CPU
		{9D3796B9-72AB-4D3E-A015-64454B666736}.Release|Any CPU.Build.0 = Release|Any CPU
		{7ABBFD71-6C29-4A4A-B2C9-9D849A37C116}.Debug|Any CPU.ActiveCfg = Debug|Any CPU
		{7ABBFD71-6C29-4A4A-B2C9-9D849A37C116}.Debug|Any CPU.Build.0 = Debug|Any CPU
		{7ABBFD71-6C29-4A4A-B2C9-9D849A37C116}.Release|Any CPU.ActiveCfg = Release|Any CPU
		{7ABBFD71-6C29-4A4A-B2C9-9D849A37C116}.Release|Any CPU.Build.0 = Release|Any CPU
		{29410674-4FA0-4567-AED5-C5E4E2BB02F9}.Debug|Any CPU.ActiveCfg = Debug|Any CPU
		{29410674-4FA0-4567-AED5-C5E4E2BB02F9}.Debug|Any CPU.Build.0 = Debug|Any CPU
		{29410674-4FA0-4567-AED5-C5E4E2BB02F9}.Release|Any CPU.ActiveCfg = Release|Any CPU
		{29410674-4FA0-4567-AED5-C5E4E2BB02F9}.Release|Any CPU.Build.0 = Release|Any CPU
		{CBAEE630-5F3D-4A50-B79C-C63D8B633BA9}.Debug|Any CPU.ActiveCfg = Debug|Any CPU
		{CBAEE630-5F3D-4A50-B79C-C63D8B633BA9}.Debug|Any CPU.Build.0 = Debug|Any CPU
		{CBAEE630-5F3D-4A50-B79C-C63D8B633BA9}.Release|Any CPU.ActiveCfg = Release|Any CPU
		{CBAEE630-5F3D-4A50-B79C-C63D8B633BA9}.Release|Any CPU.Build.0 = Release|Any CPU
		{419F7567-E1BB-44B2-A4F4-6EE7D3A54E1E}.Debug|Any CPU.ActiveCfg = Debug|Any CPU
		{419F7567-E1BB-44B2-A4F4-6EE7D3A54E1E}.Debug|Any CPU.Build.0 = Debug|Any CPU
		{419F7567-E1BB-44B2-A4F4-6EE7D3A54E1E}.Release|Any CPU.ActiveCfg = Release|Any CPU
		{419F7567-E1BB-44B2-A4F4-6EE7D3A54E1E}.Release|Any CPU.Build.0 = Release|Any CPU
		{52DD5863-95DD-4559-8FED-B5BA743C25C2}.Debug|Any CPU.ActiveCfg = Debug|Any CPU
		{52DD5863-95DD-4559-8FED-B5BA743C25C2}.Debug|Any CPU.Build.0 = Debug|Any CPU
		{52DD5863-95DD-4559-8FED-B5BA743C25C2}.Release|Any CPU.ActiveCfg = Release|Any CPU
		{52DD5863-95DD-4559-8FED-B5BA743C25C2}.Release|Any CPU.Build.0 = Release|Any CPU
	EndGlobalSection
	GlobalSection(SolutionProperties) = preSolution
		HideSolutionNode = FALSE
	EndGlobalSection
	GlobalSection(ExtensibilityGlobals) = postSolution
		SolutionGuid = {B767380E-53A1-4777-87C7-C4547EC5F156}
	EndGlobalSection
EndGlobal
