
Microsoft Visual Studio Solution File, Format Version 12.00
# Visual Studio Version 16
VisualStudioVersion = 16.0.31702.278
MinimumVisualStudioVersion = 10.0.40219.1
Project("{9A19103F-16F7-4668-BE54-9A1E7A4F7556}") = "01. Unique Usernames", "01. Unique Usernames\01. Unique Usernames.csproj", "{7D119530-B724-43C9-9803-3EB3A7B0449B}"
EndProject
Project("{FAE04EC0-301F-11D3-BF4B-00C04F79EFBC}") = "02. Sets of Elements", "02. Sets of Elements\02. Sets of Elements.csproj", "{207FB1E9-4CA4-4E59-98BE-DD60436BD34A}"
EndProject
Project("{FAE04EC0-301F-11D3-BF4B-00C04F79EFBC}") = "03. Periodic Table", "03. Periodic Table\03. Periodic Table.csproj", "{F1BD564B-A0A4-4D46-8DD0-289D87770817}"
EndProject
Project("{FAE04EC0-301F-11D3-BF4B-00C04F79EFBC}") = "04. Even Times", "04. Even Times\04. Even Times.csproj", "{8D707E26-409E-4464-B4F2-579A91E88F6E}"
EndProject
Project("{FAE04EC0-301F-11D3-BF4B-00C04F79EFBC}") = "05. Count Symbols", "05. Count Symbols\05. Count Symbols.csproj", "{12DA9E20-3B72-4C0C-A938-5C77B3E5DE77}"
EndProject
Project("{FAE04EC0-301F-11D3-BF4B-00C04F79EFBC}") = "06. Wardrobe", "06. Wardrobe\06. Wardrobe.csproj", "{D526A30D-5A8A-4D0A-AB4B-C8A4BC2D848A}"
EndProject
Global
	GlobalSection(SolutionConfigurationPlatforms) = preSolution
		Debug|Any CPU = Debug|Any CPU
		Release|Any CPU = Release|Any CPU
	EndGlobalSection
	GlobalSection(ProjectConfigurationPlatforms) = postSolution
		{7D119530-B724-43C9-9803-3EB3A7B0449B}.Debug|Any CPU.ActiveCfg = Debug|Any CPU
		{7D119530-B724-43C9-9803-3EB3A7B0449B}.Debug|Any CPU.Build.0 = Debug|Any CPU
		{7D119530-B724-43C9-9803-3EB3A7B0449B}.Release|Any CPU.ActiveCfg = Release|Any CPU
		{7D119530-B724-43C9-9803-3EB3A7B0449B}.Release|Any CPU.Build.0 = Release|Any CPU
		{207FB1E9-4CA4-4E59-98BE-DD60436BD34A}.Debug|Any CPU.ActiveCfg = Debug|Any CPU
		{207FB1E9-4CA4-4E59-98BE-DD60436BD34A}.Debug|Any CPU.Build.0 = Debug|Any CPU
		{207FB1E9-4CA4-4E59-98BE-DD60436BD34A}.Release|Any CPU.ActiveCfg = Release|Any CPU
		{207FB1E9-4CA4-4E59-98BE-DD60436BD34A}.Release|Any CPU.Build.0 = Release|Any CPU
		{F1BD564B-A0A4-4D46-8DD0-289D87770817}.Debug|Any CPU.ActiveCfg = Debug|Any CPU
		{F1BD564B-A0A4-4D46-8DD0-289D87770817}.Debug|Any CPU.Build.0 = Debug|Any CPU
		{F1BD564B-A0A4-4D46-8DD0-289D87770817}.Release|Any CPU.ActiveCfg = Release|Any CPU
		{F1BD564B-A0A4-4D46-8DD0-289D87770817}.Release|Any CPU.Build.0 = Release|Any CPU
		{8D707E26-409E-4464-B4F2-579A91E88F6E}.Debug|Any CPU.ActiveCfg = Debug|Any CPU
		{8D707E26-409E-4464-B4F2-579A91E88F6E}.Debug|Any CPU.Build.0 = Debug|Any CPU
		{8D707E26-409E-4464-B4F2-579A91E88F6E}.Release|Any CPU.ActiveCfg = Release|Any CPU
		{8D707E26-409E-4464-B4F2-579A91E88F6E}.Release|Any CPU.Build.0 = Release|Any CPU
		{12DA9E20-3B72-4C0C-A938-5C77B3E5DE77}.Debug|Any CPU.ActiveCfg = Debug|Any CPU
		{12DA9E20-3B72-4C0C-A938-5C77B3E5DE77}.Debug|Any CPU.Build.0 = Debug|Any CPU
		{12DA9E20-3B72-4C0C-A938-5C77B3E5DE77}.Release|Any CPU.ActiveCfg = Release|Any CPU
		{12DA9E20-3B72-4C0C-A938-5C77B3E5DE77}.Release|Any CPU.Build.0 = Release|Any CPU
		{D526A30D-5A8A-4D0A-AB4B-C8A4BC2D848A}.Debug|Any CPU.ActiveCfg = Debug|Any CPU
		{D526A30D-5A8A-4D0A-AB4B-C8A4BC2D848A}.Debug|Any CPU.Build.0 = Debug|Any CPU
		{D526A30D-5A8A-4D0A-AB4B-C8A4BC2D848A}.Release|Any CPU.ActiveCfg = Release|Any CPU
		{D526A30D-5A8A-4D0A-AB4B-C8A4BC2D848A}.Release|Any CPU.Build.0 = Release|Any CPU
	EndGlobalSection
	GlobalSection(SolutionProperties) = preSolution
		HideSolutionNode = FALSE
	EndGlobalSection
	GlobalSection(ExtensibilityGlobals) = postSolution
		SolutionGuid = {D4439780-C5E2-4F84-8362-2FA48F1BD689}
	EndGlobalSection
EndGlobal
