
Microsoft Visual Studio Solution File, Format Version 12.00
# Visual Studio Version 16
VisualStudioVersion = 16.0.31424.327
MinimumVisualStudioVersion = 10.0.40219.1
Project("{FAE04EC0-301F-11D3-BF4B-00C04F79EFBC}") = "01. Count Real Numbers", "01. Count Real Numbers\01. Count Real Numbers.csproj", "{81BBB691-0A10-4135-BB2A-1E49B7542961}"
EndProject
Project("{FAE04EC0-301F-11D3-BF4B-00C04F79EFBC}") = "02. Odd Occurrences", "02. Odd Occurrences\02. Odd Occurrences.csproj", "{1D8B1C0A-6A28-443F-8004-9C9E01551681}"
EndProject
Project("{FAE04EC0-301F-11D3-BF4B-00C04F79EFBC}") = "03. Word Synonyms", "03. Word Synonyms\03. Word Synonyms.csproj", "{E5477FFC-5C22-4BB1-8051-06CE40E6F794}"
EndProject
Project("{FAE04EC0-301F-11D3-BF4B-00C04F79EFBC}") = "04. Largest 3 Numbers", "04. Largest 3 Numbers\04. Largest 3 Numbers.csproj", "{472722A9-8486-4D7A-8180-C60B0D2B62D0}"
EndProject
Project("{FAE04EC0-301F-11D3-BF4B-00C04F79EFBC}") = "05. Word Filter", "05. Word Filter\05. Word Filter.csproj", "{BB704251-DAA5-4C30-B04D-9DC92A6B45E9}"
EndProject
Global
	GlobalSection(SolutionConfigurationPlatforms) = preSolution
		Debug|Any CPU = Debug|Any CPU
		Release|Any CPU = Release|Any CPU
	EndGlobalSection
	GlobalSection(ProjectConfigurationPlatforms) = postSolution
		{81BBB691-0A10-4135-BB2A-1E49B7542961}.Debug|Any CPU.ActiveCfg = Debug|Any CPU
		{81BBB691-0A10-4135-BB2A-1E49B7542961}.Debug|Any CPU.Build.0 = Debug|Any CPU
		{81BBB691-0A10-4135-BB2A-1E49B7542961}.Release|Any CPU.ActiveCfg = Release|Any CPU
		{81BBB691-0A10-4135-BB2A-1E49B7542961}.Release|Any CPU.Build.0 = Release|Any CPU
		{1D8B1C0A-6A28-443F-8004-9C9E01551681}.Debug|Any CPU.ActiveCfg = Debug|Any CPU
		{1D8B1C0A-6A28-443F-8004-9C9E01551681}.Debug|Any CPU.Build.0 = Debug|Any CPU
		{1D8B1C0A-6A28-443F-8004-9C9E01551681}.Release|Any CPU.ActiveCfg = Release|Any CPU
		{1D8B1C0A-6A28-443F-8004-9C9E01551681}.Release|Any CPU.Build.0 = Release|Any CPU
		{E5477FFC-5C22-4BB1-8051-06CE40E6F794}.Debug|Any CPU.ActiveCfg = Debug|Any CPU
		{E5477FFC-5C22-4BB1-8051-06CE40E6F794}.Debug|Any CPU.Build.0 = Debug|Any CPU
		{E5477FFC-5C22-4BB1-8051-06CE40E6F794}.Release|Any CPU.ActiveCfg = Release|Any CPU
		{E5477FFC-5C22-4BB1-8051-06CE40E6F794}.Release|Any CPU.Build.0 = Release|Any CPU
		{472722A9-8486-4D7A-8180-C60B0D2B62D0}.Debug|Any CPU.ActiveCfg = Debug|Any CPU
		{472722A9-8486-4D7A-8180-C60B0D2B62D0}.Debug|Any CPU.Build.0 = Debug|Any CPU
		{472722A9-8486-4D7A-8180-C60B0D2B62D0}.Release|Any CPU.ActiveCfg = Release|Any CPU
		{472722A9-8486-4D7A-8180-C60B0D2B62D0}.Release|Any CPU.Build.0 = Release|Any CPU
		{BB704251-DAA5-4C30-B04D-9DC92A6B45E9}.Debug|Any CPU.ActiveCfg = Debug|Any CPU
		{BB704251-DAA5-4C30-B04D-9DC92A6B45E9}.Debug|Any CPU.Build.0 = Debug|Any CPU
		{BB704251-DAA5-4C30-B04D-9DC92A6B45E9}.Release|Any CPU.ActiveCfg = Release|Any CPU
		{BB704251-DAA5-4C30-B04D-9DC92A6B45E9}.Release|Any CPU.Build.0 = Release|Any CPU
	EndGlobalSection
	GlobalSection(SolutionProperties) = preSolution
		HideSolutionNode = FALSE
	EndGlobalSection
	GlobalSection(ExtensibilityGlobals) = postSolution
		SolutionGuid = {43431344-4796-4237-9B1B-DA040D042B8A}
	EndGlobalSection
EndGlobal
