
Microsoft Visual Studio Solution File, Format Version 12.00
# Visual Studio Version 16
VisualStudioVersion = 16.0.31313.79
MinimumVisualStudioVersion = 10.0.40219.1
Project("{9A19103F-16F7-4668-BE54-9A1E7A4F7556}") = "Data Types and Variables", "Data Types and Variables\Data Types and Variables.csproj", "{ACAD86E8-D849-4623-B813-7FAAE820C00D}"
EndProject
Project("{FAE04EC0-301F-11D3-BF4B-00C04F79EFBC}") = "02. Pounds to Dollars", "02. Pounds to Dollars\02. Pounds to Dollars.csproj", "{BF43A6B4-D1AD-4466-B3F1-C266D2BF26FC}"
EndProject
Project("{FAE04EC0-301F-11D3-BF4B-00C04F79EFBC}") = "03. Exact Sum of Real Numbers", "03. Exact Sum of Real Numbers\03. Exact Sum of Real Numbers.csproj", "{8051ECC7-AED2-46C1-9F6B-0D8782F5B0D7}"
EndProject
Project("{FAE04EC0-301F-11D3-BF4B-00C04F79EFBC}") = "04. Centuries to Minutes", "04. Centuries to Minutes\04. Centuries to Minutes.csproj", "{E9B54429-28F9-45C8-88BC-899A6AE4F59D}"
EndProject
Project("{FAE04EC0-301F-11D3-BF4B-00C04F79EFBC}") = "05. Special Numbers", "05. Special Numbers\05. Special Numbers.csproj", "{B9FC9ECA-7707-46AB-B04B-F94657F1625F}"
EndProject
Project("{FAE04EC0-301F-11D3-BF4B-00C04F79EFBC}") = "06. Reversed Chars", "06. Reversed Chars\06. Reversed Chars.csproj", "{BF0B46A3-309B-4419-A89C-762225F627CB}"
EndProject
Project("{FAE04EC0-301F-11D3-BF4B-00C04F79EFBC}") = "07. Concat Names", "07. Concat Names\07. Concat Names.csproj", "{AF7FF683-848F-4517-AEF3-BB64E78B15DA}"
EndProject
Project("{FAE04EC0-301F-11D3-BF4B-00C04F79EFBC}") = "08. Town Info", "08. Town Info\08. Town Info.csproj", "{5B6CF553-D388-4A37-8E93-D1541E30EF54}"
EndProject
Project("{FAE04EC0-301F-11D3-BF4B-00C04F79EFBC}") = "09. Chars to String", "09. Chars to String\09. Chars to String.csproj", "{9E95F81C-D1D0-4BC9-A0FB-7D8D3C6CD8F7}"
EndProject
Project("{FAE04EC0-301F-11D3-BF4B-00C04F79EFBC}") = "10. Lower or Upper", "10. Lower or Upper\10. Lower or Upper.csproj", "{DF066D12-9DC1-47D6-A218-C479A643D86C}"
EndProject
Project("{FAE04EC0-301F-11D3-BF4B-00C04F79EFBC}") = "11. Refactor Volume of Pyramid", "11. Refactor Volume of Pyramid\11. Refactor Volume of Pyramid.csproj", "{6FAF2EBF-0AAE-4CBB-A90E-4595B4CF4BF8}"
EndProject
Project("{FAE04EC0-301F-11D3-BF4B-00C04F79EFBC}") = "12. Refactor Special Numbers", "12. Refactor Special Numbers\12. Refactor Special Numbers.csproj", "{C0DAF078-88AA-4E00-8AFB-B6B9E03084F5}"
EndProject
Global
	GlobalSection(SolutionConfigurationPlatforms) = preSolution
		Debug|Any CPU = Debug|Any CPU
		Release|Any CPU = Release|Any CPU
	EndGlobalSection
	GlobalSection(ProjectConfigurationPlatforms) = postSolution
		{ACAD86E8-D849-4623-B813-7FAAE820C00D}.Debug|Any CPU.ActiveCfg = Debug|Any CPU
		{ACAD86E8-D849-4623-B813-7FAAE820C00D}.Debug|Any CPU.Build.0 = Debug|Any CPU
		{ACAD86E8-D849-4623-B813-7FAAE820C00D}.Release|Any CPU.ActiveCfg = Release|Any CPU
		{ACAD86E8-D849-4623-B813-7FAAE820C00D}.Release|Any CPU.Build.0 = Release|Any CPU
		{BF43A6B4-D1AD-4466-B3F1-C266D2BF26FC}.Debug|Any CPU.ActiveCfg = Debug|Any CPU
		{BF43A6B4-D1AD-4466-B3F1-C266D2BF26FC}.Debug|Any CPU.Build.0 = Debug|Any CPU
		{BF43A6B4-D1AD-4466-B3F1-C266D2BF26FC}.Release|Any CPU.ActiveCfg = Release|Any CPU
		{BF43A6B4-D1AD-4466-B3F1-C266D2BF26FC}.Release|Any CPU.Build.0 = Release|Any CPU
		{8051ECC7-AED2-46C1-9F6B-0D8782F5B0D7}.Debug|Any CPU.ActiveCfg = Debug|Any CPU
		{8051ECC7-AED2-46C1-9F6B-0D8782F5B0D7}.Debug|Any CPU.Build.0 = Debug|Any CPU
		{8051ECC7-AED2-46C1-9F6B-0D8782F5B0D7}.Release|Any CPU.ActiveCfg = Release|Any CPU
		{8051ECC7-AED2-46C1-9F6B-0D8782F5B0D7}.Release|Any CPU.Build.0 = Release|Any CPU
		{E9B54429-28F9-45C8-88BC-899A6AE4F59D}.Debug|Any CPU.ActiveCfg = Debug|Any CPU
		{E9B54429-28F9-45C8-88BC-899A6AE4F59D}.Debug|Any CPU.Build.0 = Debug|Any CPU
		{E9B54429-28F9-45C8-88BC-899A6AE4F59D}.Release|Any CPU.ActiveCfg = Release|Any CPU
		{E9B54429-28F9-45C8-88BC-899A6AE4F59D}.Release|Any CPU.Build.0 = Release|Any CPU
		{B9FC9ECA-7707-46AB-B04B-F94657F1625F}.Debug|Any CPU.ActiveCfg = Debug|Any CPU
		{B9FC9ECA-7707-46AB-B04B-F94657F1625F}.Debug|Any CPU.Build.0 = Debug|Any CPU
		{B9FC9ECA-7707-46AB-B04B-F94657F1625F}.Release|Any CPU.ActiveCfg = Release|Any CPU
		{B9FC9ECA-7707-46AB-B04B-F94657F1625F}.Release|Any CPU.Build.0 = Release|Any CPU
		{BF0B46A3-309B-4419-A89C-762225F627CB}.Debug|Any CPU.ActiveCfg = Debug|Any CPU
		{BF0B46A3-309B-4419-A89C-762225F627CB}.Debug|Any CPU.Build.0 = Debug|Any CPU
		{BF0B46A3-309B-4419-A89C-762225F627CB}.Release|Any CPU.ActiveCfg = Release|Any CPU
		{BF0B46A3-309B-4419-A89C-762225F627CB}.Release|Any CPU.Build.0 = Release|Any CPU
		{AF7FF683-848F-4517-AEF3-BB64E78B15DA}.Debug|Any CPU.ActiveCfg = Debug|Any CPU
		{AF7FF683-848F-4517-AEF3-BB64E78B15DA}.Debug|Any CPU.Build.0 = Debug|Any CPU
		{AF7FF683-848F-4517-AEF3-BB64E78B15DA}.Release|Any CPU.ActiveCfg = Release|Any CPU
		{AF7FF683-848F-4517-AEF3-BB64E78B15DA}.Release|Any CPU.Build.0 = Release|Any CPU
		{5B6CF553-D388-4A37-8E93-D1541E30EF54}.Debug|Any CPU.ActiveCfg = Debug|Any CPU
		{5B6CF553-D388-4A37-8E93-D1541E30EF54}.Debug|Any CPU.Build.0 = Debug|Any CPU
		{5B6CF553-D388-4A37-8E93-D1541E30EF54}.Release|Any CPU.ActiveCfg = Release|Any CPU
		{5B6CF553-D388-4A37-8E93-D1541E30EF54}.Release|Any CPU.Build.0 = Release|Any CPU
		{9E95F81C-D1D0-4BC9-A0FB-7D8D3C6CD8F7}.Debug|Any CPU.ActiveCfg = Debug|Any CPU
		{9E95F81C-D1D0-4BC9-A0FB-7D8D3C6CD8F7}.Debug|Any CPU.Build.0 = Debug|Any CPU
		{9E95F81C-D1D0-4BC9-A0FB-7D8D3C6CD8F7}.Release|Any CPU.ActiveCfg = Release|Any CPU
		{9E95F81C-D1D0-4BC9-A0FB-7D8D3C6CD8F7}.Release|Any CPU.Build.0 = Release|Any CPU
		{DF066D12-9DC1-47D6-A218-C479A643D86C}.Debug|Any CPU.ActiveCfg = Debug|Any CPU
		{DF066D12-9DC1-47D6-A218-C479A643D86C}.Debug|Any CPU.Build.0 = Debug|Any CPU
		{DF066D12-9DC1-47D6-A218-C479A643D86C}.Release|Any CPU.ActiveCfg = Release|Any CPU
		{DF066D12-9DC1-47D6-A218-C479A643D86C}.Release|Any CPU.Build.0 = Release|Any CPU
		{6FAF2EBF-0AAE-4CBB-A90E-4595B4CF4BF8}.Debug|Any CPU.ActiveCfg = Debug|Any CPU
		{6FAF2EBF-0AAE-4CBB-A90E-4595B4CF4BF8}.Debug|Any CPU.Build.0 = Debug|Any CPU
		{6FAF2EBF-0AAE-4CBB-A90E-4595B4CF4BF8}.Release|Any CPU.ActiveCfg = Release|Any CPU
		{6FAF2EBF-0AAE-4CBB-A90E-4595B4CF4BF8}.Release|Any CPU.Build.0 = Release|Any CPU
		{C0DAF078-88AA-4E00-8AFB-B6B9E03084F5}.Debug|Any CPU.ActiveCfg = Debug|Any CPU
		{C0DAF078-88AA-4E00-8AFB-B6B9E03084F5}.Debug|Any CPU.Build.0 = Debug|Any CPU
		{C0DAF078-88AA-4E00-8AFB-B6B9E03084F5}.Release|Any CPU.ActiveCfg = Release|Any CPU
		{C0DAF078-88AA-4E00-8AFB-B6B9E03084F5}.Release|Any CPU.Build.0 = Release|Any CPU
	EndGlobalSection
	GlobalSection(SolutionProperties) = preSolution
		HideSolutionNode = FALSE
	EndGlobalSection
	GlobalSection(ExtensibilityGlobals) = postSolution
		SolutionGuid = {987A57E8-E6CB-4166-906A-0D752422CB47}
	EndGlobalSection
EndGlobal
